// !$*UTF8*$!
{
	archiveVersion = 1;
	classes = {
	};
	objectVersion = 46;
	objects = {

/* Begin PBXBuildFile section */
		EB0E9CA21B6EDF2A00A76F26 /* Main.storyboard in Resources */ = {isa = PBXBuildFile; fileRef = EB0E9CA01B6EDF2A00A76F26 /* Main.storyboard */; };
		EB0E9CA71B6EDF2A00A76F26 /* LaunchScreen.xib in Resources */ = {isa = PBXBuildFile; fileRef = EB0E9CA51B6EDF2A00A76F26 /* LaunchScreen.xib */; };
		EB0E9CB31B6EDF2B00A76F26 /* ClockTests.m in Sources */ = {isa = PBXBuildFile; fileRef = EB0E9CB21B6EDF2B00A76F26 /* ClockTests.m */; };
		EB1A58F31BFD503400437A1D /* UIColor+ABKColors.m in Sources */ = {isa = PBXBuildFile; fileRef = EB1A58EF1BFD503400437A1D /* UIColor+ABKColors.m */; };
		EB542C6A1BFC19CA005B7450 /* Audiowide-Regular.ttf in Resources */ = {isa = PBXBuildFile; fileRef = EB542C551BFC19CA005B7450 /* Audiowide-Regular.ttf */; };
		EB542C6C1BFC19CA005B7450 /* Graduate-Regular.ttf in Resources */ = {isa = PBXBuildFile; fileRef = EB542C581BFC19CA005B7450 /* Graduate-Regular.ttf */; };
		EB542C6E1BFC19CA005B7450 /* Gruppo-Regular.ttf in Resources */ = {isa = PBXBuildFile; fileRef = EB542C5B1BFC19CA005B7450 /* Gruppo-Regular.ttf */; };
		EB542C701BFC19CA005B7450 /* Iceland-Regular.ttf in Resources */ = {isa = PBXBuildFile; fileRef = EB542C5E1BFC19CA005B7450 /* Iceland-Regular.ttf */; };
		EB542C721BFC19CA005B7450 /* NixieOne-Regular.ttf in Resources */ = {isa = PBXBuildFile; fileRef = EB542C611BFC19CA005B7450 /* NixieOne-Regular.ttf */; };
		EB542C751BFC19CA005B7450 /* PoiretOne-Regular.ttf in Resources */ = {isa = PBXBuildFile; fileRef = EB542C651BFC19CA005B7450 /* PoiretOne-Regular.ttf */; };
		EB542C771BFC19CA005B7450 /* Righteous-Regular.ttf in Resources */ = {isa = PBXBuildFile; fileRef = EB542C681BFC19CA005B7450 /* Righteous-Regular.ttf */; };
		EB542C781BFC19CA005B7450 /* Images.xcassets in Resources */ = {isa = PBXBuildFile; fileRef = EB542C691BFC19CA005B7450 /* Images.xcassets */; };
		EB542C831BFC19EA005B7450 /* ABKAppDelegate.m in Sources */ = {isa = PBXBuildFile; fileRef = EB542C7B1BFC19EA005B7450 /* ABKAppDelegate.m */; };
		EB542C851BFC19EA005B7450 /* main.m in Sources */ = {isa = PBXBuildFile; fileRef = EB542C7D1BFC19EA005B7450 /* main.m */; };
		EB542C861BFC19EA005B7450 /* ABKMainViewController.m in Sources */ = {isa = PBXBuildFile; fileRef = EB542C811BFC19EA005B7450 /* ABKMainViewController.m */; };
		EB542C951BFC220A005B7450 /* ABKTimeView.m in Sources */ = {isa = PBXBuildFile; fileRef = EB542C941BFC220A005B7450 /* ABKTimeView.m */; };
		EB542C971BFC2224005B7450 /* ABKTimeView.xib in Resources */ = {isa = PBXBuildFile; fileRef = EB542C961BFC2224005B7450 /* ABKTimeView.xib */; };
		EB8D231D1C0A977500B40965 /* ABKViewModel.m in Sources */ = {isa = PBXBuildFile; fileRef = EB8D231C1C0A977500B40965 /* ABKViewModel.m */; };
		EB8D23241C0A99D500B40965 /* ABKPresenter.m in Sources */ = {isa = PBXBuildFile; fileRef = EB8D23231C0A99D500B40965 /* ABKPresenter.m */; };
		EB8D232B1C0A9B7600B40965 /* ABKSettingsViewController.m in Sources */ = {isa = PBXBuildFile; fileRef = EB8D232A1C0A9B7600B40965 /* ABKSettingsViewController.m */; };
		EBEDC11F1D6E163300DD4CF0 /* KDGColorSwatch.m in Sources */ = {isa = PBXBuildFile; fileRef = EBEDC1091D6E163300DD4CF0 /* KDGColorSwatch.m */; };
		EBEDC1201D6E163300DD4CF0 /* KDGCustomView.m in Sources */ = {isa = PBXBuildFile; fileRef = EBEDC10C1D6E163300DD4CF0 /* KDGCustomView.m */; };
		EBEDC1211D6E163300DD4CF0 /* KDGPresenter.m in Sources */ = {isa = PBXBuildFile; fileRef = EBEDC10F1D6E163300DD4CF0 /* KDGPresenter.m */; };
		EBEDC1231D6E163300DD4CF0 /* NSUserDefaults+KDGUtilities.m in Sources */ = {isa = PBXBuildFile; fileRef = EBEDC1151D6E163300DD4CF0 /* NSUserDefaults+KDGUtilities.m */; };
		EBEDC1241D6E163300DD4CF0 /* UIColor+KDGUtilities.m in Sources */ = {isa = PBXBuildFile; fileRef = EBEDC1181D6E163300DD4CF0 /* UIColor+KDGUtilities.m */; };
		EBEDC1251D6E163300DD4CF0 /* UIFont+KDGUtilities.m in Sources */ = {isa = PBXBuildFile; fileRef = EBEDC11B1D6E163300DD4CF0 /* UIFont+KDGUtilities.m */; };
		EBEDC1261D6E163300DD4CF0 /* UIStoryboard+KDGViewController.m in Sources */ = {isa = PBXBuildFile; fileRef = EBEDC11E1D6E163300DD4CF0 /* UIStoryboard+KDGViewController.m */; };
		EBF762D21CB0C0E900474988 /* ABKBuildViewController.m in Sources */ = {isa = PBXBuildFile; fileRef = EBF762D11CB0C0E900474988 /* ABKBuildViewController.m */; };
/* End PBXBuildFile section */

/* Begin PBXContainerItemProxy section */
		EB0E9CAD1B6EDF2B00A76F26 /* PBXContainerItemProxy */ = {
			isa = PBXContainerItemProxy;
			containerPortal = EB0E9C8B1B6EDF2A00A76F26 /* Project object */;
			proxyType = 1;
			remoteGlobalIDString = EB0E9C921B6EDF2A00A76F26;
			remoteInfo = Clock;
		};
/* End PBXContainerItemProxy section */

/* Begin PBXCopyFilesBuildPhase section */
		EB0684A31B7003C90087342D /* CopyFiles */ = {
			isa = PBXCopyFilesBuildPhase;
			buildActionMask = 2147483647;
			dstPath = /usr/share/man/man1/;
			dstSubfolderSpec = 0;
			files = (
			);
			runOnlyForDeploymentPostprocessing = 1;
		};
/* End PBXCopyFilesBuildPhase section */

/* Begin PBXFileReference section */
		EB0684A51B7003C90087342D /* Tests */ = {isa = PBXFileReference; explicitFileType = "compiled.mach-o.executable"; includeInIndex = 0; path = Tests; sourceTree = BUILT_PRODUCTS_DIR; };
		EB0E9C931B6EDF2A00A76F26 /* Clock.app */ = {isa = PBXFileReference; explicitFileType = wrapper.application; includeInIndex = 0; path = Clock.app; sourceTree = BUILT_PRODUCTS_DIR; };
		EB0E9CA11B6EDF2A00A76F26 /* Base */ = {isa = PBXFileReference; lastKnownFileType = file.storyboard; name = Base; path = Base.lproj/Main.storyboard; sourceTree = "<group>"; };
		EB0E9CA61B6EDF2A00A76F26 /* Base */ = {isa = PBXFileReference; lastKnownFileType = file.xib; name = Base; path = Base.lproj/LaunchScreen.xib; sourceTree = "<group>"; };
		EB0E9CAC1B6EDF2B00A76F26 /* ClockTests.xctest */ = {isa = PBXFileReference; explicitFileType = wrapper.cfbundle; includeInIndex = 0; path = ClockTests.xctest; sourceTree = BUILT_PRODUCTS_DIR; };
		EB0E9CB11B6EDF2B00A76F26 /* Info.plist */ = {isa = PBXFileReference; lastKnownFileType = text.plist.xml; path = Info.plist; sourceTree = "<group>"; };
		EB0E9CB21B6EDF2B00A76F26 /* ClockTests.m */ = {isa = PBXFileReference; lastKnownFileType = sourcecode.c.objc; path = ClockTests.m; sourceTree = "<group>"; };
		EB1A58EE1BFD503400437A1D /* UIColor+ABKColors.h */ = {isa = PBXFileReference; fileEncoding = 4; lastKnownFileType = sourcecode.c.h; path = "UIColor+ABKColors.h"; sourceTree = "<group>"; };
		EB1A58EF1BFD503400437A1D /* UIColor+ABKColors.m */ = {isa = PBXFileReference; fileEncoding = 4; lastKnownFileType = sourcecode.c.objc; path = "UIColor+ABKColors.m"; sourceTree = "<group>"; };
		EB542C551BFC19CA005B7450 /* Audiowide-Regular.ttf */ = {isa = PBXFileReference; lastKnownFileType = file; path = "Audiowide-Regular.ttf"; sourceTree = "<group>"; };
		EB542C561BFC19CA005B7450 /* OFL.txt */ = {isa = PBXFileReference; fileEncoding = 4; lastKnownFileType = text; path = OFL.txt; sourceTree = "<group>"; };
		EB542C581BFC19CA005B7450 /* Graduate-Regular.ttf */ = {isa = PBXFileReference; lastKnownFileType = file; path = "Graduate-Regular.ttf"; sourceTree = "<group>"; };
		EB542C591BFC19CA005B7450 /* OFL.txt */ = {isa = PBXFileReference; fileEncoding = 4; lastKnownFileType = text; path = OFL.txt; sourceTree = "<group>"; };
		EB542C5B1BFC19CA005B7450 /* Gruppo-Regular.ttf */ = {isa = PBXFileReference; lastKnownFileType = file; path = "Gruppo-Regular.ttf"; sourceTree = "<group>"; };
		EB542C5C1BFC19CA005B7450 /* OFL.txt */ = {isa = PBXFileReference; fileEncoding = 4; lastKnownFileType = text; path = OFL.txt; sourceTree = "<group>"; };
		EB542C5E1BFC19CA005B7450 /* Iceland-Regular.ttf */ = {isa = PBXFileReference; lastKnownFileType = file; path = "Iceland-Regular.ttf"; sourceTree = "<group>"; };
		EB542C5F1BFC19CA005B7450 /* OFL.txt */ = {isa = PBXFileReference; fileEncoding = 4; lastKnownFileType = text; path = OFL.txt; sourceTree = "<group>"; };
		EB542C611BFC19CA005B7450 /* NixieOne-Regular.ttf */ = {isa = PBXFileReference; lastKnownFileType = file; path = "NixieOne-Regular.ttf"; sourceTree = "<group>"; };
		EB542C621BFC19CA005B7450 /* OFL.txt */ = {isa = PBXFileReference; fileEncoding = 4; lastKnownFileType = text; path = OFL.txt; sourceTree = "<group>"; };
		EB542C641BFC19CA005B7450 /* OFL.txt */ = {isa = PBXFileReference; fileEncoding = 4; lastKnownFileType = text; path = OFL.txt; sourceTree = "<group>"; };
		EB542C651BFC19CA005B7450 /* PoiretOne-Regular.ttf */ = {isa = PBXFileReference; lastKnownFileType = file; path = "PoiretOne-Regular.ttf"; sourceTree = "<group>"; };
		EB542C671BFC19CA005B7450 /* OFL.txt */ = {isa = PBXFileReference; fileEncoding = 4; lastKnownFileType = text; path = OFL.txt; sourceTree = "<group>"; };
		EB542C681BFC19CA005B7450 /* Righteous-Regular.ttf */ = {isa = PBXFileReference; lastKnownFileType = file; path = "Righteous-Regular.ttf"; sourceTree = "<group>"; };
		EB542C691BFC19CA005B7450 /* Images.xcassets */ = {isa = PBXFileReference; lastKnownFileType = folder.assetcatalog; path = Images.xcassets; sourceTree = "<group>"; };
		EB542C7A1BFC19EA005B7450 /* ABKAppDelegate.h */ = {isa = PBXFileReference; fileEncoding = 4; lastKnownFileType = sourcecode.c.h; path = ABKAppDelegate.h; sourceTree = "<group>"; };
		EB542C7B1BFC19EA005B7450 /* ABKAppDelegate.m */ = {isa = PBXFileReference; fileEncoding = 4; lastKnownFileType = sourcecode.c.objc; path = ABKAppDelegate.m; sourceTree = "<group>"; };
		EB542C7C1BFC19EA005B7450 /* Info.plist */ = {isa = PBXFileReference; fileEncoding = 4; lastKnownFileType = text.plist.xml; path = Info.plist; sourceTree = "<group>"; };
		EB542C7D1BFC19EA005B7450 /* main.m */ = {isa = PBXFileReference; fileEncoding = 4; lastKnownFileType = sourcecode.c.objc; path = main.m; sourceTree = "<group>"; };
		EB542C801BFC19EA005B7450 /* ABKMainViewController.h */ = {isa = PBXFileReference; fileEncoding = 4; lastKnownFileType = sourcecode.c.h; path = ABKMainViewController.h; sourceTree = "<group>"; };
		EB542C811BFC19EA005B7450 /* ABKMainViewController.m */ = {isa = PBXFileReference; fileEncoding = 4; lastKnownFileType = sourcecode.c.objc; path = ABKMainViewController.m; sourceTree = "<group>"; };
		EB542C931BFC220A005B7450 /* ABKTimeView.h */ = {isa = PBXFileReference; fileEncoding = 4; lastKnownFileType = sourcecode.c.h; path = ABKTimeView.h; sourceTree = "<group>"; };
		EB542C941BFC220A005B7450 /* ABKTimeView.m */ = {isa = PBXFileReference; fileEncoding = 4; lastKnownFileType = sourcecode.c.objc; path = ABKTimeView.m; sourceTree = "<group>"; };
		EB542C961BFC2224005B7450 /* ABKTimeView.xib */ = {isa = PBXFileReference; fileEncoding = 4; lastKnownFileType = file.xib; path = ABKTimeView.xib; sourceTree = "<group>"; };
		EB8D231B1C0A977500B40965 /* ABKViewModel.h */ = {isa = PBXFileReference; fileEncoding = 4; lastKnownFileType = sourcecode.c.h; path = ABKViewModel.h; sourceTree = "<group>"; };
		EB8D231C1C0A977500B40965 /* ABKViewModel.m */ = {isa = PBXFileReference; fileEncoding = 4; lastKnownFileType = sourcecode.c.objc; path = ABKViewModel.m; sourceTree = "<group>"; };
		EB8D23221C0A99D500B40965 /* ABKPresenter.h */ = {isa = PBXFileReference; fileEncoding = 4; lastKnownFileType = sourcecode.c.h; path = ABKPresenter.h; sourceTree = "<group>"; };
		EB8D23231C0A99D500B40965 /* ABKPresenter.m */ = {isa = PBXFileReference; fileEncoding = 4; lastKnownFileType = sourcecode.c.objc; path = ABKPresenter.m; sourceTree = "<group>"; };
		EB8D23291C0A9B7600B40965 /* ABKSettingsViewController.h */ = {isa = PBXFileReference; fileEncoding = 4; lastKnownFileType = sourcecode.c.h; path = ABKSettingsViewController.h; sourceTree = "<group>"; };
		EB8D232A1C0A9B7600B40965 /* ABKSettingsViewController.m */ = {isa = PBXFileReference; fileEncoding = 4; lastKnownFileType = sourcecode.c.objc; path = ABKSettingsViewController.m; sourceTree = "<group>"; };
		EBEDC1081D6E163300DD4CF0 /* KDGColorSwatch.h */ = {isa = PBXFileReference; fileEncoding = 4; lastKnownFileType = sourcecode.c.h; path = KDGColorSwatch.h; sourceTree = "<group>"; };
		EBEDC1091D6E163300DD4CF0 /* KDGColorSwatch.m */ = {isa = PBXFileReference; fileEncoding = 4; lastKnownFileType = sourcecode.c.objc; path = KDGColorSwatch.m; sourceTree = "<group>"; };
		EBEDC10B1D6E163300DD4CF0 /* KDGCustomView.h */ = {isa = PBXFileReference; fileEncoding = 4; lastKnownFileType = sourcecode.c.h; path = KDGCustomView.h; sourceTree = "<group>"; };
		EBEDC10C1D6E163300DD4CF0 /* KDGCustomView.m */ = {isa = PBXFileReference; fileEncoding = 4; lastKnownFileType = sourcecode.c.objc; path = KDGCustomView.m; sourceTree = "<group>"; };
		EBEDC10E1D6E163300DD4CF0 /* KDGPresenter.h */ = {isa = PBXFileReference; fileEncoding = 4; lastKnownFileType = sourcecode.c.h; path = KDGPresenter.h; sourceTree = "<group>"; };
		EBEDC10F1D6E163300DD4CF0 /* KDGPresenter.m */ = {isa = PBXFileReference; fileEncoding = 4; lastKnownFileType = sourcecode.c.objc; path = KDGPresenter.m; sourceTree = "<group>"; };
		EBEDC1141D6E163300DD4CF0 /* NSUserDefaults+KDGUtilities.h */ = {isa = PBXFileReference; fileEncoding = 4; lastKnownFileType = sourcecode.c.h; path = "NSUserDefaults+KDGUtilities.h"; sourceTree = "<group>"; };
		EBEDC1151D6E163300DD4CF0 /* NSUserDefaults+KDGUtilities.m */ = {isa = PBXFileReference; fileEncoding = 4; lastKnownFileType = sourcecode.c.objc; path = "NSUserDefaults+KDGUtilities.m"; sourceTree = "<group>"; };
		EBEDC1171D6E163300DD4CF0 /* UIColor+KDGUtilities.h */ = {isa = PBXFileReference; fileEncoding = 4; lastKnownFileType = sourcecode.c.h; path = "UIColor+KDGUtilities.h"; sourceTree = "<group>"; };
		EBEDC1181D6E163300DD4CF0 /* UIColor+KDGUtilities.m */ = {isa = PBXFileReference; fileEncoding = 4; lastKnownFileType = sourcecode.c.objc; path = "UIColor+KDGUtilities.m"; sourceTree = "<group>"; };
		EBEDC11A1D6E163300DD4CF0 /* UIFont+KDGUtilities.h */ = {isa = PBXFileReference; fileEncoding = 4; lastKnownFileType = sourcecode.c.h; path = "UIFont+KDGUtilities.h"; sourceTree = "<group>"; };
		EBEDC11B1D6E163300DD4CF0 /* UIFont+KDGUtilities.m */ = {isa = PBXFileReference; fileEncoding = 4; lastKnownFileType = sourcecode.c.objc; path = "UIFont+KDGUtilities.m"; sourceTree = "<group>"; };
		EBEDC11D1D6E163300DD4CF0 /* UIStoryboard+KDGViewController.h */ = {isa = PBXFileReference; fileEncoding = 4; lastKnownFileType = sourcecode.c.h; path = "UIStoryboard+KDGViewController.h"; sourceTree = "<group>"; };
		EBEDC11E1D6E163300DD4CF0 /* UIStoryboard+KDGViewController.m */ = {isa = PBXFileReference; fileEncoding = 4; lastKnownFileType = sourcecode.c.objc; path = "UIStoryboard+KDGViewController.m"; sourceTree = "<group>"; };
		EBF762D01CB0C0E900474988 /* ABKBuildViewController.h */ = {isa = PBXFileReference; fileEncoding = 4; lastKnownFileType = sourcecode.c.h; path = ABKBuildViewController.h; sourceTree = "<group>"; };
		EBF762D11CB0C0E900474988 /* ABKBuildViewController.m */ = {isa = PBXFileReference; fileEncoding = 4; lastKnownFileType = sourcecode.c.objc; path = ABKBuildViewController.m; sourceTree = "<group>"; };
/* End PBXFileReference section */

/* Begin PBXFrameworksBuildPhase section */
		EB0684A21B7003C90087342D /* Frameworks */ = {
			isa = PBXFrameworksBuildPhase;
			buildActionMask = 2147483647;
			files = (
			);
			runOnlyForDeploymentPostprocessing = 0;
		};
		EB0E9C901B6EDF2A00A76F26 /* Frameworks */ = {
			isa = PBXFrameworksBuildPhase;
			buildActionMask = 2147483647;
			files = (
			);
			runOnlyForDeploymentPostprocessing = 0;
		};
		EB0E9CA91B6EDF2B00A76F26 /* Frameworks */ = {
			isa = PBXFrameworksBuildPhase;
			buildActionMask = 2147483647;
			files = (
			);
			runOnlyForDeploymentPostprocessing = 0;
		};
/* End PBXFrameworksBuildPhase section */

/* Begin PBXGroup section */
		EB0E9C8A1B6EDF2A00A76F26 = {
			isa = PBXGroup;
			children = (
				EB0E9C951B6EDF2A00A76F26 /* Clock */,
				EB0E9CAF1B6EDF2B00A76F26 /* ClockTests */,
				EB0E9C941B6EDF2A00A76F26 /* Products */,
			);
			sourceTree = "<group>";
		};
		EB0E9C941B6EDF2A00A76F26 /* Products */ = {
			isa = PBXGroup;
			children = (
				EB0E9C931B6EDF2A00A76F26 /* Clock.app */,
				EB0E9CAC1B6EDF2B00A76F26 /* ClockTests.xctest */,
				EB0684A51B7003C90087342D /* Tests */,
			);
			name = Products;
			sourceTree = "<group>";
		};
		EB0E9C951B6EDF2A00A76F26 /* Clock */ = {
			isa = PBXGroup;
			children = (
				EBEDC1061D6E163300DD4CF0 /* Components */,
				EB542C791BFC19EA005B7450 /* Application */,
				EB542C521BFC19CA005B7450 /* Assets */,
				EB8D231A1C0A977500B40965 /* Models */,
				EB542C7E1BFC19EA005B7450 /* Support */,
				EB542C7F1BFC19EA005B7450 /* ViewControllers */,
				EB542C821BFC19EA005B7450 /* Views */,
			);
			path = Clock;
			sourceTree = "<group>";
		};
		EB0E9CAF1B6EDF2B00A76F26 /* ClockTests */ = {
			isa = PBXGroup;
			children = (
				EB0E9CB21B6EDF2B00A76F26 /* ClockTests.m */,
				EB0E9CB01B6EDF2B00A76F26 /* Supporting Files */,
			);
			path = ClockTests;
			sourceTree = "<group>";
		};
		EB0E9CB01B6EDF2B00A76F26 /* Supporting Files */ = {
			isa = PBXGroup;
			children = (
				EB0E9CB11B6EDF2B00A76F26 /* Info.plist */,
			);
			name = "Supporting Files";
			sourceTree = "<group>";
		};
		EB1A58EC1BFD503400437A1D /* Categories */ = {
			isa = PBXGroup;
			children = (
				EB1A58ED1BFD503400437A1D /* UIColor+ */,
			);
			path = Categories;
			sourceTree = "<group>";
		};
		EB1A58ED1BFD503400437A1D /* UIColor+ */ = {
			isa = PBXGroup;
			children = (
				EB1A58EE1BFD503400437A1D /* UIColor+ABKColors.h */,
				EB1A58EF1BFD503400437A1D /* UIColor+ABKColors.m */,
			);
			path = "UIColor+";
			sourceTree = "<group>";
		};
		EB542C521BFC19CA005B7450 /* Assets */ = {
			isa = PBXGroup;
			children = (
				EB542C531BFC19CA005B7450 /* Fonts */,
				EB542C691BFC19CA005B7450 /* Images.xcassets */,
			);
			path = Assets;
			sourceTree = "<group>";
		};
		EB542C531BFC19CA005B7450 /* Fonts */ = {
			isa = PBXGroup;
			children = (
				EB542C541BFC19CA005B7450 /* Audiowide */,
				EB542C571BFC19CA005B7450 /* Graduate */,
				EB542C5A1BFC19CA005B7450 /* Gruppo */,
				EB542C5D1BFC19CA005B7450 /* Iceland */,
				EB542C601BFC19CA005B7450 /* Nixie_One */,
				EB542C631BFC19CA005B7450 /* Poiret_One */,
				EB542C661BFC19CA005B7450 /* Righteous */,
			);
			path = Fonts;
			sourceTree = "<group>";
		};
		EB542C541BFC19CA005B7450 /* Audiowide */ = {
			isa = PBXGroup;
			children = (
				EB542C551BFC19CA005B7450 /* Audiowide-Regular.ttf */,
				EB542C561BFC19CA005B7450 /* OFL.txt */,
			);
			path = Audiowide;
			sourceTree = "<group>";
		};
		EB542C571BFC19CA005B7450 /* Graduate */ = {
			isa = PBXGroup;
			children = (
				EB542C581BFC19CA005B7450 /* Graduate-Regular.ttf */,
				EB542C591BFC19CA005B7450 /* OFL.txt */,
			);
			path = Graduate;
			sourceTree = "<group>";
		};
		EB542C5A1BFC19CA005B7450 /* Gruppo */ = {
			isa = PBXGroup;
			children = (
				EB542C5B1BFC19CA005B7450 /* Gruppo-Regular.ttf */,
				EB542C5C1BFC19CA005B7450 /* OFL.txt */,
			);
			path = Gruppo;
			sourceTree = "<group>";
		};
		EB542C5D1BFC19CA005B7450 /* Iceland */ = {
			isa = PBXGroup;
			children = (
				EB542C5E1BFC19CA005B7450 /* Iceland-Regular.ttf */,
				EB542C5F1BFC19CA005B7450 /* OFL.txt */,
			);
			path = Iceland;
			sourceTree = "<group>";
		};
		EB542C601BFC19CA005B7450 /* Nixie_One */ = {
			isa = PBXGroup;
			children = (
				EB542C611BFC19CA005B7450 /* NixieOne-Regular.ttf */,
				EB542C621BFC19CA005B7450 /* OFL.txt */,
			);
			path = Nixie_One;
			sourceTree = "<group>";
		};
		EB542C631BFC19CA005B7450 /* Poiret_One */ = {
			isa = PBXGroup;
			children = (
				EB542C641BFC19CA005B7450 /* OFL.txt */,
				EB542C651BFC19CA005B7450 /* PoiretOne-Regular.ttf */,
			);
			path = Poiret_One;
			sourceTree = "<group>";
		};
		EB542C661BFC19CA005B7450 /* Righteous */ = {
			isa = PBXGroup;
			children = (
				EB542C671BFC19CA005B7450 /* OFL.txt */,
				EB542C681BFC19CA005B7450 /* Righteous-Regular.ttf */,
			);
			path = Righteous;
			sourceTree = "<group>";
		};
		EB542C791BFC19EA005B7450 /* Application */ = {
			isa = PBXGroup;
			children = (
				EB0E9CA51B6EDF2A00A76F26 /* LaunchScreen.xib */,
				EB0E9CA01B6EDF2A00A76F26 /* Main.storyboard */,
				EB542C7A1BFC19EA005B7450 /* ABKAppDelegate.h */,
				EB542C7B1BFC19EA005B7450 /* ABKAppDelegate.m */,
				EB542C7C1BFC19EA005B7450 /* Info.plist */,
				EB542C7D1BFC19EA005B7450 /* main.m */,
			);
			path = Application;
			sourceTree = "<group>";
		};
		EB542C7E1BFC19EA005B7450 /* Support */ = {
			isa = PBXGroup;
			children = (
				EB1A58EC1BFD503400437A1D /* Categories */,
				EB8D23221C0A99D500B40965 /* ABKPresenter.h */,
				EB8D23231C0A99D500B40965 /* ABKPresenter.m */,
			);
			path = Support;
			sourceTree = "<group>";
		};
		EB542C7F1BFC19EA005B7450 /* ViewControllers */ = {
			isa = PBXGroup;
			children = (
				EBF762D01CB0C0E900474988 /* ABKBuildViewController.h */,
				EBF762D11CB0C0E900474988 /* ABKBuildViewController.m */,
				EB8D23291C0A9B7600B40965 /* ABKSettingsViewController.h */,
				EB8D232A1C0A9B7600B40965 /* ABKSettingsViewController.m */,
				EB542C801BFC19EA005B7450 /* ABKMainViewController.h */,
				EB542C811BFC19EA005B7450 /* ABKMainViewController.m */,
			);
			path = ViewControllers;
			sourceTree = "<group>";
		};
		EB542C821BFC19EA005B7450 /* Views */ = {
			isa = PBXGroup;
			children = (
				EB542C931BFC220A005B7450 /* ABKTimeView.h */,
				EB542C941BFC220A005B7450 /* ABKTimeView.m */,
				EB542C961BFC2224005B7450 /* ABKTimeView.xib */,
			);
			path = Views;
			sourceTree = "<group>";
		};
		EB8D231A1C0A977500B40965 /* Models */ = {
			isa = PBXGroup;
			children = (
				EB8D231B1C0A977500B40965 /* ABKViewModel.h */,
				EB8D231C1C0A977500B40965 /* ABKViewModel.m */,
			);
			path = Models;
			sourceTree = "<group>";
		};
		EBEDC1061D6E163300DD4CF0 /* Components */ = {
			isa = PBXGroup;
			children = (
				EBEDC1071D6E163300DD4CF0 /* KDGColorSwatch */,
				EBEDC10A1D6E163300DD4CF0 /* KDGCustomView */,
				EBEDC10D1D6E163300DD4CF0 /* KDGPresenter */,
				EBEDC1131D6E163300DD4CF0 /* NSUserDefaults+ */,
				EBEDC1161D6E163300DD4CF0 /* UIColor+ */,
				EBEDC1191D6E163300DD4CF0 /* UIFont+ */,
				EBEDC11C1D6E163300DD4CF0 /* UIStoryboard+ */,
			);
			name = Components;
			path = ../../Components;
			sourceTree = "<group>";
		};
		EBEDC1071D6E163300DD4CF0 /* KDGColorSwatch */ = {
			isa = PBXGroup;
			children = (
				EBEDC1081D6E163300DD4CF0 /* KDGColorSwatch.h */,
				EBEDC1091D6E163300DD4CF0 /* KDGColorSwatch.m */,
			);
			path = KDGColorSwatch;
			sourceTree = "<group>";
		};
		EBEDC10A1D6E163300DD4CF0 /* KDGCustomView */ = {
			isa = PBXGroup;
			children = (
				EBEDC10B1D6E163300DD4CF0 /* KDGCustomView.h */,
				EBEDC10C1D6E163300DD4CF0 /* KDGCustomView.m */,
			);
			path = KDGCustomView;
			sourceTree = "<group>";
		};
		EBEDC10D1D6E163300DD4CF0 /* KDGPresenter */ = {
			isa = PBXGroup;
			children = (
				EBEDC10E1D6E163300DD4CF0 /* KDGPresenter.h */,
				EBEDC10F1D6E163300DD4CF0 /* KDGPresenter.m */,
			);
			path = KDGPresenter;
			sourceTree = "<group>";
		};
		EBEDC1131D6E163300DD4CF0 /* NSUserDefaults+ */ = {
			isa = PBXGroup;
			children = (
				EBEDC1141D6E163300DD4CF0 /* NSUserDefaults+KDGUtilities.h */,
				EBEDC1151D6E163300DD4CF0 /* NSUserDefaults+KDGUtilities.m */,
			);
			path = "NSUserDefaults+";
			sourceTree = "<group>";
		};
		EBEDC1161D6E163300DD4CF0 /* UIColor+ */ = {
			isa = PBXGroup;
			children = (
				EBEDC1171D6E163300DD4CF0 /* UIColor+KDGUtilities.h */,
				EBEDC1181D6E163300DD4CF0 /* UIColor+KDGUtilities.m */,
			);
			path = "UIColor+";
			sourceTree = "<group>";
		};
		EBEDC1191D6E163300DD4CF0 /* UIFont+ */ = {
			isa = PBXGroup;
			children = (
				EBEDC11A1D6E163300DD4CF0 /* UIFont+KDGUtilities.h */,
				EBEDC11B1D6E163300DD4CF0 /* UIFont+KDGUtilities.m */,
			);
			path = "UIFont+";
			sourceTree = "<group>";
		};
		EBEDC11C1D6E163300DD4CF0 /* UIStoryboard+ */ = {
			isa = PBXGroup;
			children = (
				EBEDC11D1D6E163300DD4CF0 /* UIStoryboard+KDGViewController.h */,
				EBEDC11E1D6E163300DD4CF0 /* UIStoryboard+KDGViewController.m */,
			);
			path = "UIStoryboard+";
			sourceTree = "<group>";
		};
/* End PBXGroup section */

/* Begin PBXNativeTarget section */
		EB0684A41B7003C90087342D /* Tests */ = {
			isa = PBXNativeTarget;
			buildConfigurationList = EB0684AB1B7003CA0087342D /* Build configuration list for PBXNativeTarget "Tests" */;
			buildPhases = (
				EB0684A11B7003C90087342D /* Sources */,
				EB0684A21B7003C90087342D /* Frameworks */,
				EB0684A31B7003C90087342D /* CopyFiles */,
			);
			buildRules = (
			);
			dependencies = (
			);
			name = Tests;
			productName = Tests;
			productReference = EB0684A51B7003C90087342D /* Tests */;
			productType = "com.apple.product-type.tool";
		};
		EB0E9C921B6EDF2A00A76F26 /* Clock */ = {
			isa = PBXNativeTarget;
			buildConfigurationList = EB0E9CB61B6EDF2B00A76F26 /* Build configuration list for PBXNativeTarget "Clock" */;
			buildPhases = (
				EB0E9C8F1B6EDF2A00A76F26 /* Sources */,
				EB0E9C901B6EDF2A00A76F26 /* Frameworks */,
				EB0E9C911B6EDF2A00A76F26 /* Resources */,
			);
			buildRules = (
			);
			dependencies = (
			);
			name = Clock;
			productName = Clock;
			productReference = EB0E9C931B6EDF2A00A76F26 /* Clock.app */;
			productType = "com.apple.product-type.application";
		};
		EB0E9CAB1B6EDF2B00A76F26 /* ClockTests */ = {
			isa = PBXNativeTarget;
			buildConfigurationList = EB0E9CB91B6EDF2B00A76F26 /* Build configuration list for PBXNativeTarget "ClockTests" */;
			buildPhases = (
				EB0E9CA81B6EDF2B00A76F26 /* Sources */,
				EB0E9CA91B6EDF2B00A76F26 /* Frameworks */,
				EB0E9CAA1B6EDF2B00A76F26 /* Resources */,
			);
			buildRules = (
			);
			dependencies = (
				EB0E9CAE1B6EDF2B00A76F26 /* PBXTargetDependency */,
			);
			name = ClockTests;
			productName = ClockTests;
			productReference = EB0E9CAC1B6EDF2B00A76F26 /* ClockTests.xctest */;
			productType = "com.apple.product-type.bundle.unit-test";
		};
/* End PBXNativeTarget section */

/* Begin PBXProject section */
		EB0E9C8B1B6EDF2A00A76F26 /* Project object */ = {
			isa = PBXProject;
			attributes = {
				LastUpgradeCheck = 0700;
				ORGANIZATIONNAME = bardownsoftware;
				TargetAttributes = {
					EB0684A41B7003C90087342D = {
						CreatedOnToolsVersion = 6.3.2;
					};
					EB0E9C921B6EDF2A00A76F26 = {
						CreatedOnToolsVersion = 6.3.2;
						DevelopmentTeam = 3VQZX5B72G;
					};
					EB0E9CAB1B6EDF2B00A76F26 = {
						CreatedOnToolsVersion = 6.3.2;
						TestTargetID = EB0E9C921B6EDF2A00A76F26;
					};
				};
			};
			buildConfigurationList = EB0E9C8E1B6EDF2A00A76F26 /* Build configuration list for PBXProject "Clock" */;
			compatibilityVersion = "Xcode 3.2";
			developmentRegion = English;
			hasScannedForEncodings = 0;
			knownRegions = (
				en,
				Base,
			);
			mainGroup = EB0E9C8A1B6EDF2A00A76F26;
			productRefGroup = EB0E9C941B6EDF2A00A76F26 /* Products */;
			projectDirPath = "";
			projectRoot = "";
			targets = (
				EB0E9C921B6EDF2A00A76F26 /* Clock */,
				EB0E9CAB1B6EDF2B00A76F26 /* ClockTests */,
				EB0684A41B7003C90087342D /* Tests */,
			);
		};
/* End PBXProject section */

/* Begin PBXResourcesBuildPhase section */
		EB0E9C911B6EDF2A00A76F26 /* Resources */ = {
			isa = PBXResourcesBuildPhase;
			buildActionMask = 2147483647;
			files = (
				EB542C971BFC2224005B7450 /* ABKTimeView.xib in Resources */,
				EB542C781BFC19CA005B7450 /* Images.xcassets in Resources */,
				EB542C6E1BFC19CA005B7450 /* Gruppo-Regular.ttf in Resources */,
				EB0E9CA21B6EDF2A00A76F26 /* Main.storyboard in Resources */,
				EB0E9CA71B6EDF2A00A76F26 /* LaunchScreen.xib in Resources */,
				EB542C771BFC19CA005B7450 /* Righteous-Regular.ttf in Resources */,
				EB542C751BFC19CA005B7450 /* PoiretOne-Regular.ttf in Resources */,
				EB542C701BFC19CA005B7450 /* Iceland-Regular.ttf in Resources */,
				EB542C6A1BFC19CA005B7450 /* Audiowide-Regular.ttf in Resources */,
				EB542C721BFC19CA005B7450 /* NixieOne-Regular.ttf in Resources */,
				EB542C6C1BFC19CA005B7450 /* Graduate-Regular.ttf in Resources */,
			);
			runOnlyForDeploymentPostprocessing = 0;
		};
		EB0E9CAA1B6EDF2B00A76F26 /* Resources */ = {
			isa = PBXResourcesBuildPhase;
			buildActionMask = 2147483647;
			files = (
			);
			runOnlyForDeploymentPostprocessing = 0;
		};
/* End PBXResourcesBuildPhase section */

/* Begin PBXSourcesBuildPhase section */
		EB0684A11B7003C90087342D /* Sources */ = {
			isa = PBXSourcesBuildPhase;
			buildActionMask = 2147483647;
			files = (
			);
			runOnlyForDeploymentPostprocessing = 0;
		};
		EB0E9C8F1B6EDF2A00A76F26 /* Sources */ = {
			isa = PBXSourcesBuildPhase;
			buildActionMask = 2147483647;
			files = (
				EBEDC11F1D6E163300DD4CF0 /* KDGColorSwatch.m in Sources */,
				EBEDC1231D6E163300DD4CF0 /* NSUserDefaults+KDGUtilities.m in Sources */,
				EBEDC1251D6E163300DD4CF0 /* UIFont+KDGUtilities.m in Sources */,
				EBEDC1201D6E163300DD4CF0 /* KDGCustomView.m in Sources */,
				EB542C861BFC19EA005B7450 /* ABKMainViewController.m in Sources */,
				EBEDC1211D6E163300DD4CF0 /* KDGPresenter.m in Sources */,
				EB542C851BFC19EA005B7450 /* main.m in Sources */,
				EB8D231D1C0A977500B40965 /* ABKViewModel.m in Sources */,
				EB542C951BFC220A005B7450 /* ABKTimeView.m in Sources */,
				EB542C831BFC19EA005B7450 /* ABKAppDelegate.m in Sources */,
				EB8D23241C0A99D500B40965 /* ABKPresenter.m in Sources */,
				EBEDC1261D6E163300DD4CF0 /* UIStoryboard+KDGViewController.m in Sources */,
				EBEDC1241D6E163300DD4CF0 /* UIColor+KDGUtilities.m in Sources */,
				EB8D232B1C0A9B7600B40965 /* ABKSettingsViewController.m in Sources */,
				EBF762D21CB0C0E900474988 /* ABKBuildViewController.m in Sources */,
				EB1A58F31BFD503400437A1D /* UIColor+ABKColors.m in Sources */,
			);
			runOnlyForDeploymentPostprocessing = 0;
		};
		EB0E9CA81B6EDF2B00A76F26 /* Sources */ = {
			isa = PBXSourcesBuildPhase;
			buildActionMask = 2147483647;
			files = (
				EB0E9CB31B6EDF2B00A76F26 /* ClockTests.m in Sources */,
			);
			runOnlyForDeploymentPostprocessing = 0;
		};
/* End PBXSourcesBuildPhase section */

/* Begin PBXTargetDependency section */
		EB0E9CAE1B6EDF2B00A76F26 /* PBXTargetDependency */ = {
			isa = PBXTargetDependency;
			target = EB0E9C921B6EDF2A00A76F26 /* Clock */;
			targetProxy = EB0E9CAD1B6EDF2B00A76F26 /* PBXContainerItemProxy */;
		};
/* End PBXTargetDependency section */

/* Begin PBXVariantGroup section */
		EB0E9CA01B6EDF2A00A76F26 /* Main.storyboard */ = {
			isa = PBXVariantGroup;
			children = (
				EB0E9CA11B6EDF2A00A76F26 /* Base */,
			);
			name = Main.storyboard;
			path = ..;
			sourceTree = "<group>";
		};
		EB0E9CA51B6EDF2A00A76F26 /* LaunchScreen.xib */ = {
			isa = PBXVariantGroup;
			children = (
				EB0E9CA61B6EDF2A00A76F26 /* Base */,
			);
			name = LaunchScreen.xib;
			path = ..;
			sourceTree = "<group>";
		};
/* End PBXVariantGroup section */

/* Begin XCBuildConfiguration section */
		EB0684A91B7003CA0087342D /* Debug */ = {
			isa = XCBuildConfiguration;
			buildSettings = {
				DEBUG_INFORMATION_FORMAT = dwarf;
				GCC_PREPROCESSOR_DEFINITIONS = (
					"DEBUG=1",
					"$(inherited)",
				);
				MACOSX_DEPLOYMENT_TARGET = 10.10;
				PRODUCT_NAME = "$(TARGET_NAME)";
				SDKROOT = macosx;
			};
			name = Debug;
		};
		EB0684AA1B7003CA0087342D /* Release */ = {
			isa = XCBuildConfiguration;
			buildSettings = {
				MACOSX_DEPLOYMENT_TARGET = 10.10;
				PRODUCT_NAME = "$(TARGET_NAME)";
				SDKROOT = macosx;
			};
			name = Release;
		};
		EB0E9CB41B6EDF2B00A76F26 /* Debug */ = {
			isa = XCBuildConfiguration;
			buildSettings = {
				ALWAYS_SEARCH_USER_PATHS = NO;
				CLANG_CXX_LANGUAGE_STANDARD = "gnu++0x";
				CLANG_CXX_LIBRARY = "libc++";
				CLANG_ENABLE_MODULES = YES;
				CLANG_ENABLE_OBJC_ARC = YES;
				CLANG_WARN_BOOL_CONVERSION = YES;
				CLANG_WARN_CONSTANT_CONVERSION = YES;
				CLANG_WARN_DIRECT_OBJC_ISA_USAGE = YES_ERROR;
				CLANG_WARN_EMPTY_BODY = YES;
				CLANG_WARN_ENUM_CONVERSION = YES;
				CLANG_WARN_INT_CONVERSION = YES;
				CLANG_WARN_OBJC_ROOT_CLASS = YES_ERROR;
				CLANG_WARN_UNREACHABLE_CODE = YES;
				CLANG_WARN__DUPLICATE_METHOD_MATCH = YES;
				CODE_SIGN_IDENTITY = "iPhone Developer: Brian Kramer (CEBD39N2D8)";
				"CODE_SIGN_IDENTITY[sdk=iphoneos*]" = "iPhone Developer";
				COPY_PHASE_STRIP = NO;
				DEBUG_INFORMATION_FORMAT = "dwarf-with-dsym";
				ENABLE_STRICT_OBJC_MSGSEND = YES;
				ENABLE_TESTABILITY = YES;
				GCC_C_LANGUAGE_STANDARD = gnu99;
				GCC_DYNAMIC_NO_PIC = NO;
				GCC_NO_COMMON_BLOCKS = YES;
				GCC_OPTIMIZATION_LEVEL = 0;
				GCC_PREPROCESSOR_DEFINITIONS = (
					"DEBUG=1",
					"$(inherited)",
				);
				GCC_SYMBOLS_PRIVATE_EXTERN = NO;
				GCC_WARN_64_TO_32_BIT_CONVERSION = YES;
				GCC_WARN_ABOUT_RETURN_TYPE = YES_ERROR;
				GCC_WARN_UNDECLARED_SELECTOR = YES;
				GCC_WARN_UNINITIALIZED_AUTOS = YES_AGGRESSIVE;
				GCC_WARN_UNUSED_FUNCTION = YES;
				GCC_WARN_UNUSED_VARIABLE = YES;
				IPHONEOS_DEPLOYMENT_TARGET = 8.3;
				MTL_ENABLE_DEBUG_INFO = YES;
				ONLY_ACTIVE_ARCH = YES;
				SDKROOT = iphoneos;
				TARGETED_DEVICE_FAMILY = "1,2";
			};
			name = Debug;
		};
		EB0E9CB51B6EDF2B00A76F26 /* Release */ = {
			isa = XCBuildConfiguration;
			buildSettings = {
				ALWAYS_SEARCH_USER_PATHS = NO;
				CLANG_CXX_LANGUAGE_STANDARD = "gnu++0x";
				CLANG_CXX_LIBRARY = "libc++";
				CLANG_ENABLE_MODULES = YES;
				CLANG_ENABLE_OBJC_ARC = YES;
				CLANG_WARN_BOOL_CONVERSION = YES;
				CLANG_WARN_CONSTANT_CONVERSION = YES;
				CLANG_WARN_DIRECT_OBJC_ISA_USAGE = YES_ERROR;
				CLANG_WARN_EMPTY_BODY = YES;
				CLANG_WARN_ENUM_CONVERSION = YES;
				CLANG_WARN_INT_CONVERSION = YES;
				CLANG_WARN_OBJC_ROOT_CLASS = YES_ERROR;
				CLANG_WARN_UNREACHABLE_CODE = YES;
				CLANG_WARN__DUPLICATE_METHOD_MATCH = YES;
				CODE_SIGN_IDENTITY = "iPhone Developer: Brian Kramer (CEBD39N2D8)";
				"CODE_SIGN_IDENTITY[sdk=iphoneos*]" = "iPhone Developer";
				COPY_PHASE_STRIP = NO;
				DEBUG_INFORMATION_FORMAT = "dwarf-with-dsym";
				ENABLE_NS_ASSERTIONS = NO;
				ENABLE_STRICT_OBJC_MSGSEND = YES;
				GCC_C_LANGUAGE_STANDARD = gnu99;
				GCC_NO_COMMON_BLOCKS = YES;
				GCC_WARN_64_TO_32_BIT_CONVERSION = YES;
				GCC_WARN_ABOUT_RETURN_TYPE = YES_ERROR;
				GCC_WARN_UNDECLARED_SELECTOR = YES;
				GCC_WARN_UNINITIALIZED_AUTOS = YES_AGGRESSIVE;
				GCC_WARN_UNUSED_FUNCTION = YES;
				GCC_WARN_UNUSED_VARIABLE = YES;
				IPHONEOS_DEPLOYMENT_TARGET = 8.3;
				MTL_ENABLE_DEBUG_INFO = NO;
				SDKROOT = iphoneos;
				TARGETED_DEVICE_FAMILY = "1,2";
				VALIDATE_PRODUCT = YES;
			};
			name = Release;
		};
		EB0E9CB71B6EDF2B00A76F26 /* Debug */ = {
			isa = XCBuildConfiguration;
			buildSettings = {
				ASSETCATALOG_COMPILER_APPICON_NAME = AppIcon;
				CODE_SIGN_IDENTITY = "iPhone Developer";
				"CODE_SIGN_IDENTITY[sdk=iphoneos*]" = "iPhone Developer";
				INFOPLIST_FILE = Clock/Application/Info.plist;
				LD_RUNPATH_SEARCH_PATHS = "$(inherited) @executable_path/Frameworks";
				PRODUCT_BUNDLE_IDENTIFIER = "bardownsoftware.$(PRODUCT_NAME:rfc1034identifier)";
				PRODUCT_NAME = "$(TARGET_NAME)";
				PROVISIONING_PROFILE = "";
			};
			name = Debug;
		};
		EB0E9CB81B6EDF2B00A76F26 /* Release */ = {
			isa = XCBuildConfiguration;
			buildSettings = {
				ASSETCATALOG_COMPILER_APPICON_NAME = AppIcon;
				CODE_SIGN_IDENTITY = "iPhone Developer";
				"CODE_SIGN_IDENTITY[sdk=iphoneos*]" = "iPhone Developer";
				INFOPLIST_FILE = Clock/Application/Info.plist;
				LD_RUNPATH_SEARCH_PATHS = "$(inherited) @executable_path/Frameworks";
				PRODUCT_BUNDLE_IDENTIFIER = "bardownsoftware.$(PRODUCT_NAME:rfc1034identifier)";
				PRODUCT_NAME = "$(TARGET_NAME)";
				PROVISIONING_PROFILE = "";
			};
			name = Release;
		};
		EB0E9CBA1B6EDF2B00A76F26 /* Debug */ = {
			isa = XCBuildConfiguration;
			buildSettings = {
				BUNDLE_LOADER = "$(TEST_HOST)";
				FRAMEWORK_SEARCH_PATHS = (
					"$(SDKROOT)/Developer/Library/Frameworks",
					"$(inherited)",
				);
				GCC_PREPROCESSOR_DEFINITIONS = (
					"DEBUG=1",
					"$(inherited)",
				);
				INFOPLIST_FILE = ClockTests/Info.plist;
				LD_RUNPATH_SEARCH_PATHS = "$(inherited) @executable_path/Frameworks @loader_path/Frameworks";
				PRODUCT_BUNDLE_IDENTIFIER = "bardownsoftware.$(PRODUCT_NAME:rfc1034identifier)";
				PRODUCT_NAME = "$(TARGET_NAME)";
				TEST_HOST = "$(BUILT_PRODUCTS_DIR)/Clock.app/Clock";
			};
			name = Debug;
		};
		EB0E9CBB1B6EDF2B00A76F26 /* Release */ = {
			isa = XCBuildConfiguration;
			buildSettings = {
				BUNDLE_LOADER = "$(TEST_HOST)";
				FRAMEWORK_SEARCH_PATHS = (
					"$(SDKROOT)/Developer/Library/Frameworks",
					"$(inherited)",
				);
				INFOPLIST_FILE = ClockTests/Info.plist;
				LD_RUNPATH_SEARCH_PATHS = "$(inherited) @executable_path/Frameworks @loader_path/Frameworks";
				PRODUCT_BUNDLE_IDENTIFIER = "bardownsoftware.$(PRODUCT_NAME:rfc1034identifier)";
				PRODUCT_NAME = "$(TARGET_NAME)";
				TEST_HOST = "$(BUILT_PRODUCTS_DIR)/Clock.app/Clock";
			};
			name = Release;
		};
/* End XCBuildConfiguration section */

/* Begin XCConfigurationList section */
		EB0684AB1B7003CA0087342D /* Build configuration list for PBXNativeTarget "Tests" */ = {
			isa = XCConfigurationList;
			buildConfigurations = (
				EB0684A91B7003CA0087342D /* Debug */,
				EB0684AA1B7003CA0087342D /* Release */,
			);
			defaultConfigurationIsVisible = 0;
			defaultConfigurationName = Release;
		};
		EB0E9C8E1B6EDF2A00A76F26 /* Build configuration list for PBXProject "Clock" */ = {
			isa = XCConfigurationList;
			buildConfigurations = (
				EB0E9CB41B6EDF2B00A76F26 /* Debug */,
				EB0E9CB51B6EDF2B00A76F26 /* Release */,
			);
			defaultConfigurationIsVisible = 0;
			defaultConfigurationName = Release;
		};
		EB0E9CB61B6EDF2B00A76F26 /* Build configuration list for PBXNativeTarget "Clock" */ = {
			isa = XCConfigurationList;
			buildConfigurations = (
				EB0E9CB71B6EDF2B00A76F26 /* Debug */,
				EB0E9CB81B6EDF2B00A76F26 /* Release */,
			);
			defaultConfigurationIsVisible = 0;
			defaultConfigurationName = Release;
		};
		EB0E9CB91B6EDF2B00A76F26 /* Build configuration list for PBXNativeTarget "ClockTests" */ = {
			isa = XCConfigurationList;
			buildConfigurations = (
				EB0E9CBA1B6EDF2B00A76F26 /* Debug */,
				EB0E9CBB1B6EDF2B00A76F26 /* Release */,
			);
			defaultConfigurationIsVisible = 0;
			defaultConfigurationName = Release;
		};
/* End XCConfigurationList section */
	};
	rootObject = EB0E9C8B1B6EDF2A00A76F26 /* Project object */;
}
